
Microsoft Visual Studio Solution File, Format Version 12.00
# Visual Studio Version 17
VisualStudioVersion = 17.1.32319.34
MinimumVisualStudioVersion = 10.0.40219.1
Project("{9A19103F-16F7-4668-BE54-9A1E7A4F7556}") = "Repository.Pattern", "Repository.Pattern\Repository.Pattern.csproj", "{9D3A7889-CA35-4618-B218-0E7EB92FCD9D}"
EndProject
Project("{FAE04EC0-301F-11D3-BF4B-00C04F79EFBC}") = "Repository.Pattern.DAL", "Repository.Pattern.DAL\Repository.Pattern.DAL.csproj", "{10BC5702-E34A-4A57-8E13-BF334F8B9F14}"
EndProject
Project("{FAE04EC0-301F-11D3-BF4B-00C04F79EFBC}") = "Repository.Pattern.BLL", "Repository.Pattern.BLL\Repository.Pattern.BLL.csproj", "{C582B0FB-5C03-454F-8D5E-AA21CBAE5710}"
EndProject
Project("{FAE04EC0-301F-11D3-BF4B-00C04F79EFBC}") = "Repository.Pattern.Common", "Repository.Pattern.Common\Repository.Pattern.Common.csproj", "{F1A95106-5CAC-441D-AA6B-825C909CA98F}"
EndProject
Global
	GlobalSection(SolutionConfigurationPlatforms) = preSolution
		Debug|Any CPU = Debug|Any CPU
		Release|Any CPU = Release|Any CPU
	EndGlobalSection
	GlobalSection(ProjectConfigurationPlatforms) = postSolution
		{9D3A7889-CA35-4618-B218-0E7EB92FCD9D}.Debug|Any CPU.ActiveCfg = Debug|Any CPU
		{9D3A7889-CA35-4618-B218-0E7EB92FCD9D}.Debug|Any CPU.Build.0 = Debug|Any CPU
		{9D3A7889-CA35-4618-B218-0E7EB92FCD9D}.Release|Any CPU.ActiveCfg = Release|Any CPU
		{9D3A7889-CA35-4618-B218-0E7EB92FCD9D}.Release|Any CPU.Build.0 = Release|Any CPU
		{10BC5702-E34A-4A57-8E13-BF334F8B9F14}.Debug|Any CPU.ActiveCfg = Debug|Any CPU
		{10BC5702-E34A-4A57-8E13-BF334F8B9F14}.Debug|Any CPU.Build.0 = Debug|Any CPU
		{10BC5702-E34A-4A57-8E13-BF334F8B9F14}.Release|Any CPU.ActiveCfg = Release|Any CPU
		{10BC5702-E34A-4A57-8E13-BF334F8B9F14}.Release|Any CPU.Build.0 = Release|Any CPU
		{C582B0FB-5C03-454F-8D5E-AA21CBAE5710}.Debug|Any CPU.ActiveCfg = Debug|Any CPU
		{C582B0FB-5C03-454F-8D5E-AA21CBAE5710}.Debug|Any CPU.Build.0 = Debug|Any CPU
		{C582B0FB-5C03-454F-8D5E-AA21CBAE5710}.Release|Any CPU.ActiveCfg = Release|Any CPU
		{C582B0FB-5C03-454F-8D5E-AA21CBAE5710}.Release|Any CPU.Build.0 = Release|Any CPU
		{F1A95106-5CAC-441D-AA6B-825C909CA98F}.Debug|Any CPU.ActiveCfg = Debug|Any CPU
		{F1A95106-5CAC-441D-AA6B-825C909CA98F}.Debug|Any CPU.Build.0 = Debug|Any CPU
		{F1A95106-5CAC-441D-AA6B-825C909CA98F}.Release|Any CPU.ActiveCfg = Release|Any CPU
		{F1A95106-5CAC-441D-AA6B-825C909CA98F}.Release|Any CPU.Build.0 = Release|Any CPU
	EndGlobalSection
	GlobalSection(SolutionProperties) = preSolution
		HideSolutionNode = FALSE
	EndGlobalSection
	GlobalSection(ExtensibilityGlobals) = postSolution
		SolutionGuid = {993DCA15-AFAB-4D1C-82D3-90FAD1F5EA55}
	EndGlobalSection
EndGlobal
